
Microsoft Visual Studio Solution File, Format Version 12.00
# Visual Studio Version 17
VisualStudioVersion = 17.11.35222.181
MinimumVisualStudioVersion = 10.0.40219.1
Project("{2150E333-8FDC-42A3-9474-1A3956D46DE8}") = "Task0", "Task0", "{B3176366-764C-4016-90F8-53D0C2F0FE00}"
EndProject
Project("{9A19103F-16F7-4668-BE54-9A1E7A4F7556}") = "Tyuiu.KrasyukME.Sprint1.Task0.V7", "Tyuiu.KrasyukME.Sprint1.Task0.V7\Tyuiu.KrasyukME.Sprint1.Task0.V7.csproj", "{A50C9151-EE84-4B89-9B7A-231B467F2F8C}"
EndProject
Project("{9A19103F-16F7-4668-BE54-9A1E7A4F7556}") = "Tyuiu.KrasyukME.Sprint1.Task0.V7.Lib", "Tyuiu.KrasyukME.Sprint1.Task0.V7.Lib\Tyuiu.KrasyukME.Sprint1.Task0.V7.Lib.csproj", "{47D9EEE1-2C19-475F-9E97-1005A49ADD05}"
EndProject
Project("{9A19103F-16F7-4668-BE54-9A1E7A4F7556}") = "Tyuiu.KrasyukME.Sprint1.Task0.V7.Test", "Tyuiu.KrasyukME.Sprint1.Task0.V7.Test\Tyuiu.KrasyukME.Sprint1.Task0.V7.Test.csproj", "{433B1C63-3561-4DA9-8F81-200A92BFDDC3}"
EndProject
Project("{2150E333-8FDC-42A3-9474-1A3956D46DE8}") = "Task1", "Task1", "{4DFB29C6-5E6A-4AA9-9C85-57C815F05868}"
EndProject
Project("{9A19103F-16F7-4668-BE54-9A1E7A4F7556}") = "Tyuiu.KrasyukME.Sprint1.Task1.V7", "Tyuiu.KrasyukME.Sprint1.Task1.V7\Tyuiu.KrasyukME.Sprint1.Task1.V7.csproj", "{C64DB1B3-2DC0-44EF-90C2-CB5B3F09D4A8}"
EndProject
Project("{9A19103F-16F7-4668-BE54-9A1E7A4F7556}") = "Tyuiu.KrasyukME.Sprint1.Task1.V7.Lib", "Tyuiu.KrasyukME.Sprint1.Task1.V7.Lib\Tyuiu.KrasyukME.Sprint1.Task1.V7.Lib.csproj", "{133C9DC5-F128-4688-BA9C-09B56014BCAC}"
EndProject
Project("{9A19103F-16F7-4668-BE54-9A1E7A4F7556}") = "Tyuiu.KrasyukME.Sprint1.Task1.V7.Test", "Tyuiu.KrasyukME.Sprint1.Task1.V7.Test\Tyuiu.KrasyukME.Sprint1.Task1.V7.Test.csproj", "{A0D231F1-0129-4CC6-AC97-6A431D53632E}"
EndProject
Project("{2150E333-8FDC-42A3-9474-1A3956D46DE8}") = "Task2", "Task2", "{5E60D63F-0797-4F3E-8895-435EE7E32ACD}"
EndProject
Project("{9A19103F-16F7-4668-BE54-9A1E7A4F7556}") = "Tyuiu.KrasyukME.Sprint1.Task2.V22", "Tyuiu.KrasyukME.Sprint1.Task2.V22\Tyuiu.KrasyukME.Sprint1.Task2.V22.csproj", "{A4167FF2-0BA2-41D8-A148-DACB85E74272}"
EndProject
Project("{9A19103F-16F7-4668-BE54-9A1E7A4F7556}") = "Tyuiu.KrasyukME.Sprint1.Task2.V22.Lib", "Tyuiu.KrasyukME.Sprint1.Task2.V22.Lib\Tyuiu.KrasyukME.Sprint1.Task2.V22.Lib.csproj", "{A1DC0FEB-A5CC-4859-A46E-3863EB9422D7}"
EndProject
Project("{9A19103F-16F7-4668-BE54-9A1E7A4F7556}") = "Tyuiu.KrasyukME.Sprint1.Task2.V22.Test", "Tyuiu.KrasyukME.Sprint1.Task2.V22.Test\Tyuiu.KrasyukME.Sprint1.Task2.V22.Test.csproj", "{817D591B-DABA-42D2-BE23-BB16AEA000D7}"
EndProject
Project("{2150E333-8FDC-42A3-9474-1A3956D46DE8}") = "Task3", "Task3", "{A77DCA19-5C3C-421D-9DD6-2E40B844A69B}"
EndProject
Project("{9A19103F-16F7-4668-BE54-9A1E7A4F7556}") = "Tyuiu.KrasyukME.Sprint1.Task3.V3", "Tyuiu.KrasyukME.Sprint1.Task3.V3\Tyuiu.KrasyukME.Sprint1.Task3.V3.csproj", "{4FDD656E-C99D-444E-A278-D43E336B2CD6}"
EndProject
Project("{9A19103F-16F7-4668-BE54-9A1E7A4F7556}") = "Tyuiu.KrasyukME.Sprint1.Task3.V3.Lib", "Tyuiu.KrasyukME.Sprint1.Task3.V3.Lib\Tyuiu.KrasyukME.Sprint1.Task3.V3.Lib.csproj", "{0A0D920C-62E6-45CE-8BD8-F249C5AAAC15}"
EndProject
Project("{9A19103F-16F7-4668-BE54-9A1E7A4F7556}") = "Tyuiu.KrasyukME.Sprint1.Task3.V3.Test", "Tyuiu.KrasyukME.Sprint1.Task3.V3.Test\Tyuiu.KrasyukME.Sprint1.Task3.V3.Test.csproj", "{2987C10D-21DD-4C8F-A5FA-CBCC16088886}"
EndProject
Project("{2150E333-8FDC-42A3-9474-1A3956D46DE8}") = "Task4", "Task4", "{CA2AD449-F96C-4B84-BAD0-0B9D9498FCEB}"
EndProject
Project("{9A19103F-16F7-4668-BE54-9A1E7A4F7556}") = "Tyuiu.KrasyukME.Sprint1.Task4.V5", "Tyuiu.KrasyukME.Sprint1.Task4.V5\Tyuiu.KrasyukME.Sprint1.Task4.V5.csproj", "{8A316DBB-E6BA-489F-8484-E6D259D3F34D}"
EndProject
Project("{9A19103F-16F7-4668-BE54-9A1E7A4F7556}") = "Tyuiu.KrasyukME.Sprint1.Task4.V5.Lib", "Tyuiu.KrasyukME.Sprint1.Task4.V5.Lib\Tyuiu.KrasyukME.Sprint1.Task4.V5.Lib.csproj", "{74C9DF30-1A56-4858-B159-A0DD1F304A7D}"
EndProject
Project("{9A19103F-16F7-4668-BE54-9A1E7A4F7556}") = "Tyuiu.KrasyukME.Sprint1.Task4.V5.Test", "Tyuiu.KrasyukME.Sprint1.Task4.V5.Test\Tyuiu.KrasyukME.Sprint1.Task4.V5.Test.csproj", "{C3BB2939-B73B-4EF8-BA9D-CE4C802FD710}"
EndProject
Project("{2150E333-8FDC-42A3-9474-1A3956D46DE8}") = "Task5", "Task5", "{6D8ED7CF-75CF-469C-A803-081C13B016C6}"
EndProject
Project("{9A19103F-16F7-4668-BE54-9A1E7A4F7556}") = "Tyuiu.KrasyukME.Sprint1.Task5.V2", "Tyuiu.KrasyukME.Sprint1.Task5.V2\Tyuiu.KrasyukME.Sprint1.Task5.V2.csproj", "{E840E8C3-4532-4E53-A43E-80491B72F0F3}"
EndProject
Project("{9A19103F-16F7-4668-BE54-9A1E7A4F7556}") = "Tyuiu.KrasyukME.Sprint1.Task5.V2.Lib", "Tyuiu.KrasyukME.Sprint1.Task5.V2.Lib\Tyuiu.KrasyukME.Sprint1.Task5.V2.Lib.csproj", "{ED770C2E-225E-4848-802D-B95D36392B1C}"
EndProject
Project("{9A19103F-16F7-4668-BE54-9A1E7A4F7556}") = "Tyuiu.KrasyukME.Sprint1.Task5.V2.Test", "Tyuiu.KrasyukME.Sprint1.Task5.V2.Test\Tyuiu.KrasyukME.Sprint1.Task5.V2.Test.csproj", "{7E4A7DC8-BDB7-411D-9EEA-ECEBA0D8E1EB}"
EndProject
Project("{2150E333-8FDC-42A3-9474-1A3956D46DE8}") = "Task6", "Task6", "{1EA48AC4-0A69-46FF-AA6F-B4BEA28D6DAC}"
EndProject
Project("{FAE04EC0-301F-11D3-BF4B-00C04F79EFBC}") = "Tyuiu.KrasyukME.Sprint1.Task6.V9", "Tyuiu.KrasyukME.Sprint1.Task6.V9\Tyuiu.KrasyukME.Sprint1.Task6.V9.csproj", "{ED235726-659B-4497-804D-39BBD7390740}"
EndProject
Project("{FAE04EC0-301F-11D3-BF4B-00C04F79EFBC}") = "Tyuiu.KrasyukME.Sprint1.Task6.V9.Lib", "Tyuiu.KrasyukME.Sprint1.Task6.V9.Lib\Tyuiu.KrasyukME.Sprint1.Task6.V9.Lib.csproj", "{E952EA8D-251F-4D69-B418-A4B708AA4FD4}"
EndProject
Project("{FAE04EC0-301F-11D3-BF4B-00C04F79EFBC}") = "Tyuiu.KrasyukME.Sprint1.Task6.V9.Test", "Tyuiu.KrasyukME.Sprint1.Task6.V9.Test\Tyuiu.KrasyukME.Sprint1.Task6.V9.Test.csproj", "{D2C3320C-C44A-48EE-AA28-51979F55BAF5}"
EndProject
Project("{2150E333-8FDC-42A3-9474-1A3956D46DE8}") = "Task7", "Task7", "{94655507-F1EF-4CC1-B5E5-320654E9DE86}"
EndProject
Project("{FAE04EC0-301F-11D3-BF4B-00C04F79EFBC}") = "Tyuiu.KrasyukME.Sprint1.Task7.V21", "Tyuiu.KrasyukME.Sprint1.Task7.V21\Tyuiu.KrasyukME.Sprint1.Task7.V21.csproj", "{A3AEABE1-0DA2-4F86-976A-1716C15E349F}"
EndProject
Project("{FAE04EC0-301F-11D3-BF4B-00C04F79EFBC}") = "Tyuiu.KrasyukME.Sprint1.Task7.V21.Lib", "Tyuiu.KrasyukME.Sprint1.Task7.V21.Lib\Tyuiu.KrasyukME.Sprint1.Task7.V21.Lib.csproj", "{C48E77E7-E39F-44E5-A683-1FB627AC81DD}"
EndProject
Project("{FAE04EC0-301F-11D3-BF4B-00C04F79EFBC}") = "Tyuiu.KrasyukME.Sprint1.Task7.V21.Test", "Tyuiu.KrasyukME.Sprint1.Task7.V21.Test\Tyuiu.KrasyukME.Sprint1.Task7.V21.Test.csproj", "{00B31B55-F6D8-4969-85FD-ED278B3C09BE}"
EndProject
Global
	GlobalSection(SolutionConfigurationPlatforms) = preSolution
		Debug|Any CPU = Debug|Any CPU
		Release|Any CPU = Release|Any CPU
	EndGlobalSection
	GlobalSection(ProjectConfigurationPlatforms) = postSolution
		{A50C9151-EE84-4B89-9B7A-231B467F2F8C}.Debug|Any CPU.ActiveCfg = Debug|Any CPU
		{A50C9151-EE84-4B89-9B7A-231B467F2F8C}.Debug|Any CPU.Build.0 = Debug|Any CPU
		{A50C9151-EE84-4B89-9B7A-231B467F2F8C}.Release|Any CPU.ActiveCfg = Release|Any CPU
		{A50C9151-EE84-4B89-9B7A-231B467F2F8C}.Release|Any CPU.Build.0 = Release|Any CPU
		{47D9EEE1-2C19-475F-9E97-1005A49ADD05}.Debug|Any CPU.ActiveCfg = Debug|Any CPU
		{47D9EEE1-2C19-475F-9E97-1005A49ADD05}.Debug|Any CPU.Build.0 = Debug|Any CPU
		{47D9EEE1-2C19-475F-9E97-1005A49ADD05}.Release|Any CPU.ActiveCfg = Release|Any CPU
		{47D9EEE1-2C19-475F-9E97-1005A49ADD05}.Release|Any CPU.Build.0 = Release|Any CPU
		{433B1C63-3561-4DA9-8F81-200A92BFDDC3}.Debug|Any CPU.ActiveCfg = Debug|Any CPU
		{433B1C63-3561-4DA9-8F81-200A92BFDDC3}.Debug|Any CPU.Build.0 = Debug|Any CPU
		{433B1C63-3561-4DA9-8F81-200A92BFDDC3}.Release|Any CPU.ActiveCfg = Release|Any CPU
		{433B1C63-3561-4DA9-8F81-200A92BFDDC3}.Release|Any CPU.Build.0 = Release|Any CPU
		{C64DB1B3-2DC0-44EF-90C2-CB5B3F09D4A8}.Debug|Any CPU.ActiveCfg = Debug|Any CPU
		{C64DB1B3-2DC0-44EF-90C2-CB5B3F09D4A8}.Debug|Any CPU.Build.0 = Debug|Any CPU
		{C64DB1B3-2DC0-44EF-90C2-CB5B3F09D4A8}.Release|Any CPU.ActiveCfg = Release|Any CPU
		{C64DB1B3-2DC0-44EF-90C2-CB5B3F09D4A8}.Release|Any CPU.Build.0 = Release|Any CPU
		{133C9DC5-F128-4688-BA9C-09B56014BCAC}.Debug|Any CPU.ActiveCfg = Debug|Any CPU
		{133C9DC5-F128-4688-BA9C-09B56014BCAC}.Debug|Any CPU.Build.0 = Debug|Any CPU
		{133C9DC5-F128-4688-BA9C-09B56014BCAC}.Release|Any CPU.ActiveCfg = Release|Any CPU
		{133C9DC5-F128-4688-BA9C-09B56014BCAC}.Release|Any CPU.Build.0 = Release|Any CPU
		{A0D231F1-0129-4CC6-AC97-6A431D53632E}.Debug|Any CPU.ActiveCfg = Debug|Any CPU
		{A0D231F1-0129-4CC6-AC97-6A431D53632E}.Debug|Any CPU.Build.0 = Debug|Any CPU
		{A0D231F1-0129-4CC6-AC97-6A431D53632E}.Release|Any CPU.ActiveCfg = Release|Any CPU
		{A0D231F1-0129-4CC6-AC97-6A431D53632E}.Release|Any CPU.Build.0 = Release|Any CPU
		{A4167FF2-0BA2-41D8-A148-DACB85E74272}.Debug|Any CPU.ActiveCfg = Debug|Any CPU
		{A4167FF2-0BA2-41D8-A148-DACB85E74272}.Debug|Any CPU.Build.0 = Debug|Any CPU
		{A4167FF2-0BA2-41D8-A148-DACB85E74272}.Release|Any CPU.ActiveCfg = Release|Any CPU
		{A4167FF2-0BA2-41D8-A148-DACB85E74272}.Release|Any CPU.Build.0 = Release|Any CPU
		{A1DC0FEB-A5CC-4859-A46E-3863EB9422D7}.Debug|Any CPU.ActiveCfg = Debug|Any CPU
		{A1DC0FEB-A5CC-4859-A46E-3863EB9422D7}.Debug|Any CPU.Build.0 = Debug|Any CPU
		{A1DC0FEB-A5CC-4859-A46E-3863EB9422D7}.Release|Any CPU.ActiveCfg = Release|Any CPU
		{A1DC0FEB-A5CC-4859-A46E-3863EB9422D7}.Release|Any CPU.Build.0 = Release|Any CPU
		{817D591B-DABA-42D2-BE23-BB16AEA000D7}.Debug|Any CPU.ActiveCfg = Debug|Any CPU
		{817D591B-DABA-42D2-BE23-BB16AEA000D7}.Debug|Any CPU.Build.0 = Debug|Any CPU
		{817D591B-DABA-42D2-BE23-BB16AEA000D7}.Release|Any CPU.ActiveCfg = Release|Any CPU
		{817D591B-DABA-42D2-BE23-BB16AEA000D7}.Release|Any CPU.Build.0 = Release|Any CPU
		{4FDD656E-C99D-444E-A278-D43E336B2CD6}.Debug|Any CPU.ActiveCfg = Debug|Any CPU
		{4FDD656E-C99D-444E-A278-D43E336B2CD6}.Debug|Any CPU.Build.0 = Debug|Any CPU
		{4FDD656E-C99D-444E-A278-D43E336B2CD6}.Release|Any CPU.ActiveCfg = Release|Any CPU
		{4FDD656E-C99D-444E-A278-D43E336B2CD6}.Release|Any CPU.Build.0 = Release|Any CPU
		{0A0D920C-62E6-45CE-8BD8-F249C5AAAC15}.Debug|Any CPU.ActiveCfg = Debug|Any CPU
		{0A0D920C-62E6-45CE-8BD8-F249C5AAAC15}.Debug|Any CPU.Build.0 = Debug|Any CPU
		{0A0D920C-62E6-45CE-8BD8-F249C5AAAC15}.Release|Any CPU.ActiveCfg = Release|Any CPU
		{0A0D920C-62E6-45CE-8BD8-F249C5AAAC15}.Release|Any CPU.Build.0 = Release|Any CPU
		{2987C10D-21DD-4C8F-A5FA-CBCC16088886}.Debug|Any CPU.ActiveCfg = Debug|Any CPU
		{2987C10D-21DD-4C8F-A5FA-CBCC16088886}.Debug|Any CPU.Build.0 = Debug|Any CPU
		{2987C10D-21DD-4C8F-A5FA-CBCC16088886}.Release|Any CPU.ActiveCfg = Release|Any CPU
		{2987C10D-21DD-4C8F-A5FA-CBCC16088886}.Release|Any CPU.Build.0 = Release|Any CPU
		{8A316DBB-E6BA-489F-8484-E6D259D3F34D}.Debug|Any CPU.ActiveCfg = Debug|Any CPU
		{8A316DBB-E6BA-489F-8484-E6D259D3F34D}.Debug|Any CPU.Build.0 = Debug|Any CPU
		{8A316DBB-E6BA-489F-8484-E6D259D3F34D}.Release|Any CPU.ActiveCfg = Release|Any CPU
		{8A316DBB-E6BA-489F-8484-E6D259D3F34D}.Release|Any CPU.Build.0 = Release|Any CPU
		{74C9DF30-1A56-4858-B159-A0DD1F304A7D}.Debug|Any CPU.ActiveCfg = Debug|Any CPU
		{74C9DF30-1A56-4858-B159-A0DD1F304A7D}.Debug|Any CPU.Build.0 = Debug|Any CPU
		{74C9DF30-1A56-4858-B159-A0DD1F304A7D}.Release|Any CPU.ActiveCfg = Release|Any CPU
		{74C9DF30-1A56-4858-B159-A0DD1F304A7D}.Release|Any CPU.Build.0 = Release|Any CPU
		{C3BB2939-B73B-4EF8-BA9D-CE4C802FD710}.Debug|Any CPU.ActiveCfg = Debug|Any CPU
		{C3BB2939-B73B-4EF8-BA9D-CE4C802FD710}.Debug|Any CPU.Build.0 = Debug|Any CPU
		{C3BB2939-B73B-4EF8-BA9D-CE4C802FD710}.Release|Any CPU.ActiveCfg = Release|Any CPU
		{C3BB2939-B73B-4EF8-BA9D-CE4C802FD710}.Release|Any CPU.Build.0 = Release|Any CPU
		{E840E8C3-4532-4E53-A43E-80491B72F0F3}.Debug|Any CPU.ActiveCfg = Debug|Any CPU
		{E840E8C3-4532-4E53-A43E-80491B72F0F3}.Debug|Any CPU.Build.0 = Debug|Any CPU
		{E840E8C3-4532-4E53-A43E-80491B72F0F3}.Release|Any CPU.ActiveCfg = Release|Any CPU
		{E840E8C3-4532-4E53-A43E-80491B72F0F3}.Release|Any CPU.Build.0 = Release|Any CPU
		{ED770C2E-225E-4848-802D-B95D36392B1C}.Debug|Any CPU.ActiveCfg = Debug|Any CPU
		{ED770C2E-225E-4848-802D-B95D36392B1C}.Debug|Any CPU.Build.0 = Debug|Any CPU
		{ED770C2E-225E-4848-802D-B95D36392B1C}.Release|Any CPU.ActiveCfg = Release|Any CPU
		{ED770C2E-225E-4848-802D-B95D36392B1C}.Release|Any CPU.Build.0 = Release|Any CPU
		{7E4A7DC8-BDB7-411D-9EEA-ECEBA0D8E1EB}.Debug|Any CPU.ActiveCfg = Debug|Any CPU
		{7E4A7DC8-BDB7-411D-9EEA-ECEBA0D8E1EB}.Debug|Any CPU.Build.0 = Debug|Any CPU
		{7E4A7DC8-BDB7-411D-9EEA-ECEBA0D8E1EB}.Release|Any CPU.ActiveCfg = Release|Any CPU
		{7E4A7DC8-BDB7-411D-9EEA-ECEBA0D8E1EB}.Release|Any CPU.Build.0 = Release|Any CPU
		{ED235726-659B-4497-804D-39BBD7390740}.Debug|Any CPU.ActiveCfg = Debug|Any CPU
		{ED235726-659B-4497-804D-39BBD7390740}.Debug|Any CPU.Build.0 = Debug|Any CPU
		{ED235726-659B-4497-804D-39BBD7390740}.Release|Any CPU.ActiveCfg = Release|Any CPU
		{ED235726-659B-4497-804D-39BBD7390740}.Release|Any CPU.Build.0 = Release|Any CPU
		{E952EA8D-251F-4D69-B418-A4B708AA4FD4}.Debug|Any CPU.ActiveCfg = Debug|Any CPU
		{E952EA8D-251F-4D69-B418-A4B708AA4FD4}.Debug|Any CPU.Build.0 = Debug|Any CPU
		{E952EA8D-251F-4D69-B418-A4B708AA4FD4}.Release|Any CPU.ActiveCfg = Release|Any CPU
		{E952EA8D-251F-4D69-B418-A4B708AA4FD4}.Release|Any CPU.Build.0 = Release|Any CPU
		{D2C3320C-C44A-48EE-AA28-51979F55BAF5}.Debug|Any CPU.ActiveCfg = Debug|Any CPU
		{D2C3320C-C44A-48EE-AA28-51979F55BAF5}.Debug|Any CPU.Build.0 = Debug|Any CPU
		{D2C3320C-C44A-48EE-AA28-51979F55BAF5}.Release|Any CPU.ActiveCfg = Release|Any CPU
		{D2C3320C-C44A-48EE-AA28-51979F55BAF5}.Release|Any CPU.Build.0 = Release|Any CPU
		{A3AEABE1-0DA2-4F86-976A-1716C15E349F}.Debug|Any CPU.ActiveCfg = Debug|Any CPU
		{A3AEABE1-0DA2-4F86-976A-1716C15E349F}.Debug|Any CPU.Build.0 = Debug|Any CPU
		{A3AEABE1-0DA2-4F86-976A-1716C15E349F}.Release|Any CPU.ActiveCfg = Release|Any CPU
		{A3AEABE1-0DA2-4F86-976A-1716C15E349F}.Release|Any CPU.Build.0 = Release|Any CPU
		{C48E77E7-E39F-44E5-A683-1FB627AC81DD}.Debug|Any CPU.ActiveCfg = Debug|Any CPU
		{C48E77E7-E39F-44E5-A683-1FB627AC81DD}.Debug|Any CPU.Build.0 = Debug|Any CPU
		{C48E77E7-E39F-44E5-A683-1FB627AC81DD}.Release|Any CPU.ActiveCfg = Release|Any CPU
		{C48E77E7-E39F-44E5-A683-1FB627AC81DD}.Release|Any CPU.Build.0 = Release|Any CPU
		{00B31B55-F6D8-4969-85FD-ED278B3C09BE}.Debug|Any CPU.ActiveCfg = Debug|Any CPU
		{00B31B55-F6D8-4969-85FD-ED278B3C09BE}.Debug|Any CPU.Build.0 = Debug|Any CPU
		{00B31B55-F6D8-4969-85FD-ED278B3C09BE}.Release|Any CPU.ActiveCfg = Release|Any CPU
		{00B31B55-F6D8-4969-85FD-ED278B3C09BE}.Release|Any CPU.Build.0 = Release|Any CPU
	EndGlobalSection
	GlobalSection(SolutionProperties) = preSolution
		HideSolutionNode = FALSE
	EndGlobalSection
	GlobalSection(NestedProjects) = preSolution
		{A50C9151-EE84-4B89-9B7A-231B467F2F8C} = {B3176366-764C-4016-90F8-53D0C2F0FE00}
		{47D9EEE1-2C19-475F-9E97-1005A49ADD05} = {B3176366-764C-4016-90F8-53D0C2F0FE00}
		{433B1C63-3561-4DA9-8F81-200A92BFDDC3} = {B3176366-764C-4016-90F8-53D0C2F0FE00}
		{C64DB1B3-2DC0-44EF-90C2-CB5B3F09D4A8} = {4DFB29C6-5E6A-4AA9-9C85-57C815F05868}
		{133C9DC5-F128-4688-BA9C-09B56014BCAC} = {4DFB29C6-5E6A-4AA9-9C85-57C815F05868}
		{A0D231F1-0129-4CC6-AC97-6A431D53632E} = {4DFB29C6-5E6A-4AA9-9C85-57C815F05868}
		{A4167FF2-0BA2-41D8-A148-DACB85E74272} = {5E60D63F-0797-4F3E-8895-435EE7E32ACD}
		{A1DC0FEB-A5CC-4859-A46E-3863EB9422D7} = {5E60D63F-0797-4F3E-8895-435EE7E32ACD}
		{817D591B-DABA-42D2-BE23-BB16AEA000D7} = {5E60D63F-0797-4F3E-8895-435EE7E32ACD}
		{4FDD656E-C99D-444E-A278-D43E336B2CD6} = {A77DCA19-5C3C-421D-9DD6-2E40B844A69B}
		{0A0D920C-62E6-45CE-8BD8-F249C5AAAC15} = {A77DCA19-5C3C-421D-9DD6-2E40B844A69B}
		{2987C10D-21DD-4C8F-A5FA-CBCC16088886} = {A77DCA19-5C3C-421D-9DD6-2E40B844A69B}
		{8A316DBB-E6BA-489F-8484-E6D259D3F34D} = {CA2AD449-F96C-4B84-BAD0-0B9D9498FCEB}
		{74C9DF30-1A56-4858-B159-A0DD1F304A7D} = {CA2AD449-F96C-4B84-BAD0-0B9D9498FCEB}
		{C3BB2939-B73B-4EF8-BA9D-CE4C802FD710} = {CA2AD449-F96C-4B84-BAD0-0B9D9498FCEB}
		{E840E8C3-4532-4E53-A43E-80491B72F0F3} = {6D8ED7CF-75CF-469C-A803-081C13B016C6}
		{ED770C2E-225E-4848-802D-B95D36392B1C} = {6D8ED7CF-75CF-469C-A803-081C13B016C6}
		{7E4A7DC8-BDB7-411D-9EEA-ECEBA0D8E1EB} = {6D8ED7CF-75CF-469C-A803-081C13B016C6}
		{ED235726-659B-4497-804D-39BBD7390740} = {1EA48AC4-0A69-46FF-AA6F-B4BEA28D6DAC}
		{E952EA8D-251F-4D69-B418-A4B708AA4FD4} = {1EA48AC4-0A69-46FF-AA6F-B4BEA28D6DAC}
		{D2C3320C-C44A-48EE-AA28-51979F55BAF5} = {1EA48AC4-0A69-46FF-AA6F-B4BEA28D6DAC}
		{A3AEABE1-0DA2-4F86-976A-1716C15E349F} = {94655507-F1EF-4CC1-B5E5-320654E9DE86}
		{C48E77E7-E39F-44E5-A683-1FB627AC81DD} = {94655507-F1EF-4CC1-B5E5-320654E9DE86}
		{00B31B55-F6D8-4969-85FD-ED278B3C09BE} = {94655507-F1EF-4CC1-B5E5-320654E9DE86}
	EndGlobalSection
	GlobalSection(ExtensibilityGlobals) = postSolution
		SolutionGuid = {7A0D2451-E12F-48F4-9ED1-34337FC99312}
	EndGlobalSection
EndGlobal
